// !$*UTF8*$!
{
	archiveVersion = 1;
	classes = {
	};
	objectVersion = 46;
	objects = {

/* Begin PBXBuildFile section */
		810182EE1CFD7211000569EF /* nxbUserActionTool.m in Sources */ = {isa = PBXBuildFile; fileRef = 810182EC1CFD7211000569EF /* nxbUserActionTool.m */; };
		816DBAB11CFD5E820036AE93 /* main.m in Sources */ = {isa = PBXBuildFile; fileRef = 816DBAB01CFD5E820036AE93 /* main.m */; };
		816DBAB41CFD5E820036AE93 /* AppDelegate.m in Sources */ = {isa = PBXBuildFile; fileRef = 816DBAB31CFD5E820036AE93 /* AppDelegate.m */; };
		816DBAB71CFD5E820036AE93 /* ViewController.m in Sources */ = {isa = PBXBuildFile; fileRef = 816DBAB61CFD5E820036AE93 /* ViewController.m */; };
		816DBABA1CFD5E820036AE93 /* Main.storyboard in Resources */ = {isa = PBXBuildFile; fileRef = 816DBAB81CFD5E820036AE93 /* Main.storyboard */; };
		816DBABC1CFD5E820036AE93 /* Assets.xcassets in Resources */ = {isa = PBXBuildFile; fileRef = 816DBABB1CFD5E820036AE93 /* Assets.xcassets */; };
		816DBABF1CFD5E820036AE93 /* LaunchScreen.storyboard in Resources */ = {isa = PBXBuildFile; fileRef = 816DBABD1CFD5E820036AE93 /* LaunchScreen.storyboard */; };
		816DBAE61CFD611A0036AE93 /* Security.framework in Frameworks */ = {isa = PBXBuildFile; fileRef = 816DBAE51CFD611A0036AE93 /* Security.framework */; };
		9E34FCC65E95F0D804DD065B /* libPods.a in Frameworks */ = {isa = PBXBuildFile; fileRef = C071361F5E4E35AE3D5C704D /* libPods.a */; };
/* End PBXBuildFile section */

/* Begin PBXFileReference section */
		810182EC1CFD7211000569EF /* nxbUserActionTool.m */ = {isa = PBXFileReference; fileEncoding = 4; lastKnownFileType = sourcecode.c.objc; path = nxbUserActionTool.m; sourceTree = "<group>"; };
		810182F01CFD728E000569EF /* nxbUserActionTool.h */ = {isa = PBXFileReference; lastKnownFileType = sourcecode.c.h; path = nxbUserActionTool.h; sourceTree = "<group>"; };
		810182F11CFD729A000569EF /* Common.h */ = {isa = PBXFileReference; fileEncoding = 4; lastKnownFileType = sourcecode.c.h; path = Common.h; sourceTree = "<group>"; };
		816DBAAC1CFD5E820036AE93 /* XBUsecActionStatisticsDemo.app */ = {isa = PBXFileReference; explicitFileType = wrapper.application; includeInIndex = 0; path = XBUsecActionStatisticsDemo.app; sourceTree = BUILT_PRODUCTS_DIR; };
		816DBAB01CFD5E820036AE93 /* main.m */ = {isa = PBXFileReference; lastKnownFileType = sourcecode.c.objc; path = main.m; sourceTree = "<group>"; };
		816DBAB21CFD5E820036AE93 /* AppDelegate.h */ = {isa = PBXFileReference; lastKnownFileType = sourcecode.c.h; path = AppDelegate.h; sourceTree = "<group>"; };
		816DBAB31CFD5E820036AE93 /* AppDelegate.m */ = {isa = PBXFileReference; lastKnownFileType = sourcecode.c.objc; path = AppDelegate.m; sourceTree = "<group>"; };
		816DBAB51CFD5E820036AE93 /* ViewController.h */ = {isa = PBXFileReference; lastKnownFileType = sourcecode.c.h; path = ViewController.h; sourceTree = "<group>"; };
		816DBAB61CFD5E820036AE93 /* ViewController.m */ = {isa = PBXFileReference; lastKnownFileType = sourcecode.c.objc; path = ViewController.m; sourceTree = "<group>"; };
		816DBAB91CFD5E820036AE93 /* Base */ = {isa = PBXFileReference; lastKnownFileType = file.storyboard; name = Base; path = Base.lproj/Main.storyboard; sourceTree = "<group>"; };
		816DBABB1CFD5E820036AE93 /* Assets.xcassets */ = {isa = PBXFileReference; lastKnownFileType = folder.assetcatalog; path = Assets.xcassets; sourceTree = "<group>"; };
		816DBABE1CFD5E820036AE93 /* Base */ = {isa = PBXFileReference; lastKnownFileType = file.storyboard; name = Base; path = Base.lproj/LaunchScreen.storyboard; sourceTree = "<group>"; };
		816DBAC01CFD5E820036AE93 /* Info.plist */ = {isa = PBXFileReference; lastKnownFileType = text.plist.xml; path = Info.plist; sourceTree = "<group>"; };
		816DBAE51CFD611A0036AE93 /* Security.framework */ = {isa = PBXFileReference; lastKnownFileType = wrapper.framework; name = Security.framework; path = System/Library/Frameworks/Security.framework; sourceTree = SDKROOT; };
		AEBC45E69EF46EEBA355F3B2 /* Pods.debug.xcconfig */ = {isa = PBXFileReference; includeInIndex = 1; lastKnownFileType = text.xcconfig; name = Pods.debug.xcconfig; path = "Pods/Target Support Files/Pods/Pods.debug.xcconfig"; sourceTree = "<group>"; };
		C071361F5E4E35AE3D5C704D /* libPods.a */ = {isa = PBXFileReference; explicitFileType = archive.ar; includeInIndex = 0; path = libPods.a; sourceTree = BUILT_PRODUCTS_DIR; };
		F4E5F85DCF86BB7661C13241 /* Pods.release.xcconfig */ = {isa = PBXFileReference; includeInIndex = 1; lastKnownFileType = text.xcconfig; name = Pods.release.xcconfig; path = "Pods/Target Support Files/Pods/Pods.release.xcconfig"; sourceTree = "<group>"; };
/* End PBXFileReference section */

/* Begin PBXFrameworksBuildPhase section */
		816DBAA91CFD5E820036AE93 /* Frameworks */ = {
			isa = PBXFrameworksBuildPhase;
			buildActionMask = 2147483647;
			files = (
				816DBAE61CFD611A0036AE93 /* Security.framework in Frameworks */,
				9E34FCC65E95F0D804DD065B /* libPods.a in Frameworks */,
			);
			runOnlyForDeploymentPostprocessing = 0;
		};
/* End PBXFrameworksBuildPhase section */

/* Begin PBXGroup section */
		810182EF1CFD7226000569EF /* UserActionTool */ = {
			isa = PBXGroup;
			children = (
				810182F11CFD729A000569EF /* Common.h */,
				810182F01CFD728E000569EF /* nxbUserActionTool.h */,
				810182EC1CFD7211000569EF /* nxbUserActionTool.m */,
			);
			name = UserActionTool;
			sourceTree = "<group>";
		};
		816DBAA31CFD5E820036AE93 = {
			isa = PBXGroup;
			children = (
				816DBAE51CFD611A0036AE93 /* Security.framework */,
				816DBAAE1CFD5E820036AE93 /* XBUsecActionStatisticsDemo */,
				816DBAAD1CFD5E820036AE93 /* Products */,
				99AFDEE7EAF44ECEAB023584 /* Pods */,
				A4904188F13CF73A846F0DD1 /* Frameworks */,
			);
			sourceTree = "<group>";
		};
		816DBAAD1CFD5E820036AE93 /* Products */ = {
			isa = PBXGroup;
			children = (
				816DBAAC1CFD5E820036AE93 /* XBUsecActionStatisticsDemo.app */,
			);
			name = Products;
			sourceTree = "<group>";
		};
		816DBAAE1CFD5E820036AE93 /* XBUsecActionStatisticsDemo */ = {
			isa = PBXGroup;
			children = (
				810182EF1CFD7226000569EF /* UserActionTool */,
				816DBAB21CFD5E820036AE93 /* AppDelegate.h */,
				816DBAB31CFD5E820036AE93 /* AppDelegate.m */,
				816DBAB51CFD5E820036AE93 /* ViewController.h */,
				816DBAB61CFD5E820036AE93 /* ViewController.m */,
				816DBAB81CFD5E820036AE93 /* Main.storyboard */,
				816DBABB1CFD5E820036AE93 /* Assets.xcassets */,
				816DBABD1CFD5E820036AE93 /* LaunchScreen.storyboard */,
				816DBAC01CFD5E820036AE93 /* Info.plist */,
				816DBAAF1CFD5E820036AE93 /* Supporting Files */,
			);
			path = XBUsecActionStatisticsDemo;
			sourceTree = "<group>";
		};
		816DBAAF1CFD5E820036AE93 /* Supporting Files */ = {
			isa = PBXGroup;
			children = (
				816DBAB01CFD5E820036AE93 /* main.m */,
			);
			name = "Supporting Files";
			sourceTree = "<group>";
		};
		99AFDEE7EAF44ECEAB023584 /* Pods */ = {
			isa = PBXGroup;
			children = (
				AEBC45E69EF46EEBA355F3B2 /* Pods.debug.xcconfig */,
				F4E5F85DCF86BB7661C13241 /* Pods.release.xcconfig */,
			);
			name = Pods;
			sourceTree = "<group>";
		};
		A4904188F13CF73A846F0DD1 /* Frameworks */ = {
			isa = PBXGroup;
			children = (
				C071361F5E4E35AE3D5C704D /* libPods.a */,
			);
			name = Frameworks;
			sourceTree = "<group>";
		};
/* End PBXGroup section */

/* Begin PBXNativeTarget section */
		816DBAAB1CFD5E820036AE93 /* XBUsecActionStatisticsDemo */ = {
			isa = PBXNativeTarget;
			buildConfigurationList = 816DBAC31CFD5E820036AE93 /* Build configuration list for PBXNativeTarget "XBUsecActionStatisticsDemo" */;
			buildPhases = (
				60C049FF8BDB102DD32CE115 /* Check Pods Manifest.lock */,
				816DBAA81CFD5E820036AE93 /* Sources */,
				816DBAA91CFD5E820036AE93 /* Frameworks */,
				816DBAAA1CFD5E820036AE93 /* Resources */,
				94DEB4BB095FB0826510702D /* Embed Pods Frameworks */,
				A954F24C3066F1053CB325CE /* Copy Pods Resources */,
			);
			buildRules = (
			);
			dependencies = (
			);
			name = XBUsecActionStatisticsDemo;
			productName = XBUsecActionStatisticsDemo;
			productReference = 816DBAAC1CFD5E820036AE93 /* XBUsecActionStatisticsDemo.app */;
			productType = "com.apple.product-type.application";
		};
/* End PBXNativeTarget section */

/* Begin PBXProject section */
		816DBAA41CFD5E820036AE93 /* Project object */ = {
			isa = PBXProject;
			attributes = {
				LastUpgradeCheck = 0730;
				ORGANIZATIONNAME = ios;
				TargetAttributes = {
					816DBAAB1CFD5E820036AE93 = {
						CreatedOnToolsVersion = 7.3;
					};
				};
			};
			buildConfigurationList = 816DBAA71CFD5E820036AE93 /* Build configuration list for PBXProject "XBUsecActionStatisticsDemo" */;
			compatibilityVersion = "Xcode 3.2";
			developmentRegion = English;
			hasScannedForEncodings = 0;
			knownRegions = (
				en,
				Base,
			);
			mainGroup = 816DBAA31CFD5E820036AE93;
			productRefGroup = 816DBAAD1CFD5E820036AE93 /* Products */;
			projectDirPath = "";
			projectRoot = "";
			targets = (
				816DBAAB1CFD5E820036AE93 /* XBUsecActionStatisticsDemo */,
			);
		};
/* End PBXProject section */

/* Begin PBXResourcesBuildPhase section */
		816DBAAA1CFD5E820036AE93 /* Resources */ = {
			isa = PBXResourcesBuildPhase;
			buildActionMask = 2147483647;
			files = (
				816DBABF1CFD5E820036AE93 /* LaunchScreen.storyboard in Resources */,
				816DBABC1CFD5E820036AE93 /* Assets.xcassets in Resources */,
				816DBABA1CFD5E820036AE93 /* Main.storyboard in Resources */,
			);
			runOnlyForDeploymentPostprocessing = 0;
		};
/* End PBXResourcesBuildPhase section */

/* Begin PBXShellScriptBuildPhase section */
		60C049FF8BDB102DD32CE115 /* Check Pods Manifest.lock */ = {
			isa = PBXShellScriptBuildPhase;
			buildActionMask = 2147483647;
			files = (
			);
			inputPaths = (
			);
			name = "Check Pods Manifest.lock";
			outputPaths = (
			);
			runOnlyForDeploymentPostprocessing = 0;
			shellPath = /bin/sh;
			shellScript = "diff \"${PODS_ROOT}/../Podfile.lock\" \"${PODS_ROOT}/Manifest.lock\" > /dev/null\nif [[ $? != 0 ]] ; then\n    cat << EOM\nerror: The sandbox is not in sync with the Podfile.lock. Run 'pod install' or update your CocoaPods installation.\nEOM\n    exit 1\nfi\n";
			showEnvVarsInLog = 0;
		};
		94DEB4BB095FB0826510702D /* Embed Pods Frameworks */ = {
			isa = PBXShellScriptBuildPhase;
			buildActionMask = 2147483647;
			files = (
			);
			inputPaths = (
			);
			name = "Embed Pods Frameworks";
			outputPaths = (
			);
			runOnlyForDeploymentPostprocessing = 0;
			shellPath = /bin/sh;
			shellScript = "\"${SRCROOT}/Pods/Target Support Files/Pods/Pods-frameworks.sh\"\n";
			showEnvVarsInLog = 0;
		};
		A954F24C3066F1053CB325CE /* Copy Pods Resources */ = {
			isa = PBXShellScriptBuildPhase;
			buildActionMask = 2147483647;
			files = (
			);
			inputPaths = (
			);
			name = "Copy Pods Resources";
			outputPaths = (
			);
			runOnlyForDeploymentPostprocessing = 0;
			shellPath = /bin/sh;
			shellScript = "\"${SRCROOT}/Pods/Target Support Files/Pods/Pods-resources.sh\"\n";
			showEnvVarsInLog = 0;
		};
/* End PBXShellScriptBuildPhase section */

/* Begin PBXSourcesBuildPhase section */
		816DBAA81CFD5E820036AE93 /* Sources */ = {
			isa = PBXSourcesBuildPhase;
			buildActionMask = 2147483647;
			files = (
				816DBAB71CFD5E820036AE93 /* ViewController.m in Sources */,
				810182EE1CFD7211000569EF /* nxbUserActionTool.m in Sources */,
				816DBAB41CFD5E820036AE93 /* AppDelegate.m in Sources */,
				816DBAB11CFD5E820036AE93 /* main.m in Sources */,
			);
			runOnlyForDeploymentPostprocessing = 0;
		};
/* End PBXSourcesBuildPhase section */

/* Begin PBXVariantGroup section */
		816DBAB81CFD5E820036AE93 /* Main.storyboard */ = {
			isa = PBXVariantGroup;
			children = (
				816DBAB91CFD5E820036AE93 /* Base */,
			);
			name = Main.storyboard;
			sourceTree = "<group>";
		};
		816DBABD1CFD5E820036AE93 /* LaunchScreen.storyboard */ = {
			isa = PBXVariantGroup;
			children = (
				816DBABE1CFD5E820036AE93 /* Base */,
			);
			name = LaunchScreen.storyboard;
			sourceTree = "<group>";
		};
/* End PBXVariantGroup section */

/* Begin XCBuildConfiguration section */
		816DBAC11CFD5E820036AE93 /* Debug */ = {
			isa = XCBuildConfiguration;
			buildSettings = {
				ALWAYS_SEARCH_USER_PATHS = NO;
				CLANG_ANALYZER_NONNULL = YES;
				CLANG_CXX_LANGUAGE_STANDARD = "gnu++0x";
				CLANG_CXX_LIBRARY = "libc++";
				CLANG_ENABLE_MODULES = YES;
				CLANG_ENABLE_OBJC_ARC = YES;
				CLANG_WARN_BOOL_CONVERSION = YES;
				CLANG_WARN_CONSTANT_CONVERSION = YES;
				CLANG_WARN_DIRECT_OBJC_ISA_USAGE = YES_ERROR;
				CLANG_WARN_EMPTY_BODY = YES;
				CLANG_WARN_ENUM_CONVERSION = YES;
				CLANG_WARN_INT_CONVERSION = YES;
				CLANG_WARN_OBJC_ROOT_CLASS = YES_ERROR;
				CLANG_WARN_UNREACHABLE_CODE = YES;
				CLANG_WARN__DUPLICATE_METHOD_MATCH = YES;
				"CODE_SIGN_IDENTITY[sdk=iphoneos*]" = "iPhone Developer";
				COPY_PHASE_STRIP = NO;
				DEBUG_INFORMATION_FORMAT = dwarf;
				ENABLE_STRICT_OBJC_MSGSEND = YES;
				ENABLE_TESTABILITY = YES;
				GCC_C_LANGUAGE_STANDARD = gnu99;
				GCC_DYNAMIC_NO_PIC = NO;
				GCC_NO_COMMON_BLOCKS = YES;
				GCC_OPTIMIZATION_LEVEL = 0;
				GCC_PREPROCESSOR_DEFINITIONS = (
					"DEBUG=1",
					"$(inherited)",
				);
				GCC_WARN_64_TO_32_BIT_CONVERSION = YES;
				GCC_WARN_ABOUT_RETURN_TYPE = YES_ERROR;
				GCC_WARN_UNDECLARED_SELECTOR = YES;
				GCC_WARN_UNINITIALIZED_AUTOS = YES_AGGRESSIVE;
				GCC_WARN_UNUSED_FUNCTION = YES;
				GCC_WARN_UNUSED_VARIABLE = YES;
				IPHONEOS_DEPLOYMENT_TARGET = 9.3;
				MTL_ENABLE_DEBUG_INFO = YES;
				ONLY_ACTIVE_ARCH = YES;
				SDKROOT = iphoneos;
			};
			name = Debug;
		};
		816DBAC21CFD5E820036AE93 /* Release */ = {
			isa = XCBuildConfiguration;
			buildSettings = {
				ALWAYS_SEARCH_USER_PATHS = NO;
				CLANG_ANALYZER_NONNULL = YES;
				CLANG_CXX_LANGUAGE_STANDARD = "gnu++0x";
				CLANG_CXX_LIBRARY = "libc++";
				CLANG_ENABLE_MODULES = YES;
				CLANG_ENABLE_OBJC_ARC = YES;
				CLANG_WARN_BOOL_CONVERSION = YES;
				CLANG_WARN_CONSTANT_CONVERSION = YES;
				CLANG_WARN_DIRECT_OBJC_ISA_USAGE = YES_ERROR;
				CLANG_WARN_EMPTY_BODY = YES;
				CLANG_WARN_ENUM_CONVERSION = YES;
				CLANG_WARN_INT_CONVERSION = YES;
				CLANG_WARN_OBJC_ROOT_CLASS = YES_ERROR;
				CLANG_WARN_UNREACHABLE_CODE = YES;
				CLANG_WARN__DUPLICATE_METHOD_MATCH = YES;
				"CODE_SIGN_IDENTITY[sdk=iphoneos*]" = "iPhone Developer";
				COPY_PHASE_STRIP = NO;
				DEBUG_INFORMATION_FORMAT = "dwarf-with-dsym";
				ENABLE_NS_ASSERTIONS = NO;
				ENABLE_STRICT_OBJC_MSGSEND = YES;
				GCC_C_LANGUAGE_STANDARD = gnu99;
				GCC_NO_COMMON_BLOCKS = YES;
				GCC_WARN_64_TO_32_BIT_CONVERSION = YES;
				GCC_WARN_ABOUT_RETURN_TYPE = YES_ERROR;
				GCC_WARN_UNDECLARED_SELECTOR = YES;
				GCC_WARN_UNINITIALIZED_AUTOS = YES_AGGRESSIVE;
				GCC_WARN_UNUSED_FUNCTION = YES;
				GCC_WARN_UNUSED_VARIABLE = YES;
				IPHONEOS_DEPLOYMENT_TARGET = 9.3;
				MTL_ENABLE_DEBUG_INFO = NO;
				SDKROOT = iphoneos;
				VALIDATE_PRODUCT = YES;
			};
			name = Release;
		};
		816DBAC41CFD5E820036AE93 /* Debug */ = {
			isa = XCBuildConfiguration;
			baseConfigurationReference = AEBC45E69EF46EEBA355F3B2 /* Pods.debug.xcconfig */;
			buildSettings = {
				ASSETCATALOG_COMPILER_APPICON_NAME = AppIcon;
				INFOPLIST_FILE = XBUsecActionStatisticsDemo/Info.plist;
				LD_RUNPATH_SEARCH_PATHS = "$(inherited) @executable_path/Frameworks";
				PRODUCT_BUNDLE_IDENTIFIER = no.XBUsecActionStatisticsDemo;
				PRODUCT_NAME = "$(TARGET_NAME)";
			};
			name = Debug;
		};
		816DBAC51CFD5E820036AE93 /* Release */ = {
			isa = XCBuildConfiguration;
			baseConfigurationReference = F4E5F85DCF86BB7661C13241 /* Pods.release.xcconfig */;
			buildSettings = {
				ASSETCATALOG_COMPILER_APPICON_NAME = AppIcon;
				INFOPLIST_FILE = XBUsecActionStatisticsDemo/Info.plist;
				LD_RUNPATH_SEARCH_PATHS = "$(inherited) @executable_path/Frameworks";
				PRODUCT_BUNDLE_IDENTIFIER = no.XBUsecActionStatisticsDemo;
				PRODUCT_NAME = "$(TARGET_NAME)";
			};
			name = Release;
		};
/* End XCBuildConfiguration section */

/* Begin XCConfigurationList section */
		816DBAA71CFD5E820036AE93 /* Build configuration list for PBXProject "XBUsecActionStatisticsDemo" */ = {
			isa = XCConfigurationList;
			buildConfigurations = (
				816DBAC11CFD5E820036AE93 /* Debug */,
				816DBAC21CFD5E820036AE93 /* Release */,
			);
			defaultConfigurationIsVisible = 0;
			defaultConfigurationName = Release;
		};
		816DBAC31CFD5E820036AE93 /* Build configuration list for PBXNativeTarget "XBUsecActionStatisticsDemo" */ = {
			isa = XCConfigurationList;
			buildConfigurations = (
				816DBAC41CFD5E820036AE93 /* Debug */,
				816DBAC51CFD5E820036AE93 /* Release */,
			);
			defaultConfigurationIsVisible = 0;
			defaultConfigurationName = Release;
		};
/* End XCConfigurationList section */
	};
	rootObject = 816DBAA41CFD5E820036AE93 /* Project object */;
}
